github.com/rs/cors v1.7.0 h1:+88SsELBHx5r+hZ8TCkggzSstaWNbDvThkVK8H6f9ik=
github.com/rs/cors v1.7.0/go.mod h1:gFx+x8UowdsKA9AchylcLynDq+nNFfI8FkUZdN/jGCU=
github.com/yanyiwu/gojieba v1.1.2 h1:BMwKCwg3G+Nw/Ctqzm/gNgN/6Ljf0Y4f7ddKlzTA+TM=
github.com/yanyiwu/gojieba v1.1.2/go.mod h1:54wkP7sMJ6bklf7yPl6F+JG71dzVUU1WigZbR47nGdY=
github.com/z-t-y/tennessgo v0.0.0-20210321104251-161df4a8103e h1:A/vUtOI8Ooh8W1LPSWtsRH1COsayFXhjrhPUZwcjbqc=
github.com/z-t-y/tennessgo v0.0.0-20210321104251-161df4a8103e/go.mod h1:ZkmAkYeachmTEJ++bfJ8kLltYx6eAYLjdQksIzUTK4M=
github.com/z-t-y/tennessgo v0.0.0-20210321105744-ad4f28a5ab05 h1:ny7BBcbn+L7ffNT2ekgybyXF3EMXCRYglKOw34DahY8=
github.com/z-t-y/tennessgo v0.0.0-20210321105744-ad4f28a5ab05/go.mod h1:ZkmAkYeachmTEJ++bfJ8kLltYx6eAYLjdQksIzUTK4M=
github.com/z-t-y/tennessgo v0.0.0-20210326131003-1a8a4ba361a5 h1:5GQYIwzb6VFk85588KFdwBVvTB3V8yfLbRgBBhcy1Ng=
github.com/z-t-y/tennessgo v0.0.0-20210326131003-1a8a4ba361a5/go.mod h1:09jAHKUfqkEz2100b8yt/4AGYpETN9uPQDVOQo7WKuQ=
github.com/z-t-y/tennessgo v0.0.0-20210327002259-5eac3c23c56f h1:6sbvpdZegfJ69S2NcHQBHj3qbwHHXhQM1+Qark+T5oQ=
github.com/z-t-y/tennessgo v0.0.0-20210327002259-5eac3c23c56f/go.mod h1:ZkmAkYeachmTEJ++bfJ8kLltYx6eAYLjdQksIzUTK4M=
